
Microsoft Visual Studio Solution File, Format Version 12.00
# Visual Studio 2013
VisualStudioVersion = 12.0.30110.0
MinimumVisualStudioVersion = 10.0.40219.1
Project("{2150E333-8FDC-42A3-9474-1A3956D46DE8}") = "M2M", "M2M", "{6A2A062D-4963-431F-B92A-0E53F27A2402}"
EndProject
Project("{FAE04EC0-301F-11D3-BF4B-00C04F79EFBC}") = "OpenRiaServices.M2M.Demo.Web", "OpenRiaServices.M2M.Demo.Web\OpenRiaServices.M2M.Demo.Web.csproj", "{E878F804-5CD7-46C4-98A6-9B801000FB2B}"
EndProject
Project("{FAE04EC0-301F-11D3-BF4B-00C04F79EFBC}") = "OpenRiaServices.M2M.Demo", "OpenRiaServices.M2M.Demo\OpenRiaServices.M2M.Demo.csproj", "{D7186FE7-57CC-4986-BF05-13FBD0441E31}"
	ProjectSection(ProjectDependencies) = postProject
		{E878F804-5CD7-46C4-98A6-9B801000FB2B} = {E878F804-5CD7-46C4-98A6-9B801000FB2B}
	EndProjectSection
EndProject
Project("{FAE04EC0-301F-11D3-BF4B-00C04F79EFBC}") = "OpenRiaServices.M2M.Client", "OpenRiaServices.M2M.Client\OpenRiaServices.M2M.Client.csproj", "{F6E5D0B7-FE90-4498-A5F5-3FFA505762A0}"
EndProject
Project("{FAE04EC0-301F-11D3-BF4B-00C04F79EFBC}") = "OpenRiaServices.M2M", "OpenRiaServices.M2M\OpenRiaServices.M2M.csproj", "{88EFBF58-E42A-4314-BAAF-746FC34CB5EC}"
EndProject
Project("{FAE04EC0-301F-11D3-BF4B-00C04F79EFBC}") = "OpenRiaServices.M2M.LinkTable", "OpenRiaServices.M2M.LinkTable\OpenRiaServices.M2M.LinkTable.csproj", "{F67416F0-179B-4572-AB29-E87E2F82DBCD}"
EndProject
Global
	GlobalSection(SolutionConfigurationPlatforms) = preSolution
		CodeCov|Any CPU = CodeCov|Any CPU
		CodeCov|Mixed Platforms = CodeCov|Mixed Platforms
		CodeCov|x86 = CodeCov|x86
		Debug|Any CPU = Debug|Any CPU
		Debug|Mixed Platforms = Debug|Mixed Platforms
		Debug|x86 = Debug|x86
		DebugNet40|Any CPU = DebugNet40|Any CPU
		DebugNet40|Mixed Platforms = DebugNet40|Mixed Platforms
		DebugNet40|x86 = DebugNet40|x86
		MyGet|Any CPU = MyGet|Any CPU
		MyGet|Mixed Platforms = MyGet|Mixed Platforms
		MyGet|x86 = MyGet|x86
		MyGet40|Any CPU = MyGet40|Any CPU
		MyGet40|Mixed Platforms = MyGet40|Mixed Platforms
		MyGet40|x86 = MyGet40|x86
		Release|Any CPU = Release|Any CPU
		Release|Mixed Platforms = Release|Mixed Platforms
		Release|x86 = Release|x86
		ReleaseNet40|Any CPU = ReleaseNet40|Any CPU
		ReleaseNet40|Mixed Platforms = ReleaseNet40|Mixed Platforms
		ReleaseNet40|x86 = ReleaseNet40|x86
	EndGlobalSection
	GlobalSection(ProjectConfigurationPlatforms) = postSolution
		{E878F804-5CD7-46C4-98A6-9B801000FB2B}.CodeCov|Any CPU.ActiveCfg = Release|Any CPU
		{E878F804-5CD7-46C4-98A6-9B801000FB2B}.CodeCov|Any CPU.Build.0 = Release|Any CPU
		{E878F804-5CD7-46C4-98A6-9B801000FB2B}.CodeCov|Mixed Platforms.ActiveCfg = Release|Any CPU
		{E878F804-5CD7-46C4-98A6-9B801000FB2B}.CodeCov|Mixed Platforms.Build.0 = Release|Any CPU
		{E878F804-5CD7-46C4-98A6-9B801000FB2B}.CodeCov|x86.ActiveCfg = Release|Any CPU
		{E878F804-5CD7-46C4-98A6-9B801000FB2B}.Debug|Any CPU.ActiveCfg = Debug|Any CPU
		{E878F804-5CD7-46C4-98A6-9B801000FB2B}.Debug|Any CPU.Build.0 = Debug|Any CPU
		{E878F804-5CD7-46C4-98A6-9B801000FB2B}.Debug|Mixed Platforms.ActiveCfg = Debug|Any CPU
		{E878F804-5CD7-46C4-98A6-9B801000FB2B}.Debug|Mixed Platforms.Build.0 = Debug|Any CPU
		{E878F804-5CD7-46C4-98A6-9B801000FB2B}.Debug|x86.ActiveCfg = Debug|Any CPU
		{E878F804-5CD7-46C4-98A6-9B801000FB2B}.DebugNet40|Any CPU.ActiveCfg = Debug|Any CPU
		{E878F804-5CD7-46C4-98A6-9B801000FB2B}.DebugNet40|Any CPU.Build.0 = Debug|Any CPU
		{E878F804-5CD7-46C4-98A6-9B801000FB2B}.DebugNet40|Mixed Platforms.ActiveCfg = Debug|Any CPU
		{E878F804-5CD7-46C4-98A6-9B801000FB2B}.DebugNet40|Mixed Platforms.Build.0 = Debug|Any CPU
		{E878F804-5CD7-46C4-98A6-9B801000FB2B}.DebugNet40|x86.ActiveCfg = Debug|Any CPU
		{E878F804-5CD7-46C4-98A6-9B801000FB2B}.MyGet|Any CPU.ActiveCfg = Release|Any CPU
		{E878F804-5CD7-46C4-98A6-9B801000FB2B}.MyGet|Any CPU.Build.0 = Release|Any CPU
		{E878F804-5CD7-46C4-98A6-9B801000FB2B}.MyGet|Mixed Platforms.ActiveCfg = Release|Any CPU
		{E878F804-5CD7-46C4-98A6-9B801000FB2B}.MyGet|Mixed Platforms.Build.0 = Release|Any CPU
		{E878F804-5CD7-46C4-98A6-9B801000FB2B}.MyGet|x86.ActiveCfg = Release|Any CPU
		{E878F804-5CD7-46C4-98A6-9B801000FB2B}.MyGet40|Any CPU.ActiveCfg = Release|Any CPU
		{E878F804-5CD7-46C4-98A6-9B801000FB2B}.MyGet40|Any CPU.Build.0 = Release|Any CPU
		{E878F804-5CD7-46C4-98A6-9B801000FB2B}.MyGet40|Mixed Platforms.ActiveCfg = Release|Any CPU
		{E878F804-5CD7-46C4-98A6-9B801000FB2B}.MyGet40|Mixed Platforms.Build.0 = Release|Any CPU
		{E878F804-5CD7-46C4-98A6-9B801000FB2B}.MyGet40|x86.ActiveCfg = Release|Any CPU
		{E878F804-5CD7-46C4-98A6-9B801000FB2B}.Release|Any CPU.ActiveCfg = Release|Any CPU
		{E878F804-5CD7-46C4-98A6-9B801000FB2B}.Release|Any CPU.Build.0 = Release|Any CPU
		{E878F804-5CD7-46C4-98A6-9B801000FB2B}.Release|Mixed Platforms.ActiveCfg = Release|Any CPU
		{E878F804-5CD7-46C4-98A6-9B801000FB2B}.Release|Mixed Platforms.Build.0 = Release|Any CPU
		{E878F804-5CD7-46C4-98A6-9B801000FB2B}.Release|x86.ActiveCfg = Release|Any CPU
		{E878F804-5CD7-46C4-98A6-9B801000FB2B}.ReleaseNet40|Any CPU.ActiveCfg = Release|Any CPU
		{E878F804-5CD7-46C4-98A6-9B801000FB2B}.ReleaseNet40|Any CPU.Build.0 = Release|Any CPU
		{E878F804-5CD7-46C4-98A6-9B801000FB2B}.ReleaseNet40|Mixed Platforms.ActiveCfg = Release|Any CPU
		{E878F804-5CD7-46C4-98A6-9B801000FB2B}.ReleaseNet40|Mixed Platforms.Build.0 = Release|Any CPU
		{E878F804-5CD7-46C4-98A6-9B801000FB2B}.ReleaseNet40|x86.ActiveCfg = Release|Any CPU
		{D7186FE7-57CC-4986-BF05-13FBD0441E31}.CodeCov|Any CPU.ActiveCfg = Release|Any CPU
		{D7186FE7-57CC-4986-BF05-13FBD0441E31}.CodeCov|Any CPU.Build.0 = Release|Any CPU
		{D7186FE7-57CC-4986-BF05-13FBD0441E31}.CodeCov|Mixed Platforms.ActiveCfg = Release|Any CPU
		{D7186FE7-57CC-4986-BF05-13FBD0441E31}.CodeCov|Mixed Platforms.Build.0 = Release|Any CPU
		{D7186FE7-57CC-4986-BF05-13FBD0441E31}.CodeCov|x86.ActiveCfg = Release|Any CPU
		{D7186FE7-57CC-4986-BF05-13FBD0441E31}.Debug|Any CPU.ActiveCfg = Debug|Any CPU
		{D7186FE7-57CC-4986-BF05-13FBD0441E31}.Debug|Any CPU.Build.0 = Debug|Any CPU
		{D7186FE7-57CC-4986-BF05-13FBD0441E31}.Debug|Mixed Platforms.ActiveCfg = Debug|Any CPU
		{D7186FE7-57CC-4986-BF05-13FBD0441E31}.Debug|Mixed Platforms.Build.0 = Debug|Any CPU
		{D7186FE7-57CC-4986-BF05-13FBD0441E31}.Debug|x86.ActiveCfg = Debug|Any CPU
		{D7186FE7-57CC-4986-BF05-13FBD0441E31}.DebugNet40|Any CPU.ActiveCfg = Debug|Any CPU
		{D7186FE7-57CC-4986-BF05-13FBD0441E31}.DebugNet40|Any CPU.Build.0 = Debug|Any CPU
		{D7186FE7-57CC-4986-BF05-13FBD0441E31}.DebugNet40|Mixed Platforms.ActiveCfg = Debug|Any CPU
		{D7186FE7-57CC-4986-BF05-13FBD0441E31}.DebugNet40|Mixed Platforms.Build.0 = Debug|Any CPU
		{D7186FE7-57CC-4986-BF05-13FBD0441E31}.DebugNet40|x86.ActiveCfg = Debug|Any CPU
		{D7186FE7-57CC-4986-BF05-13FBD0441E31}.MyGet|Any CPU.ActiveCfg = Release|Any CPU
		{D7186FE7-57CC-4986-BF05-13FBD0441E31}.MyGet|Any CPU.Build.0 = Release|Any CPU
		{D7186FE7-57CC-4986-BF05-13FBD0441E31}.MyGet|Mixed Platforms.ActiveCfg = Release|Any CPU
		{D7186FE7-57CC-4986-BF05-13FBD0441E31}.MyGet|Mixed Platforms.Build.0 = Release|Any CPU
		{D7186FE7-57CC-4986-BF05-13FBD0441E31}.MyGet|x86.ActiveCfg = Release|Any CPU
		{D7186FE7-57CC-4986-BF05-13FBD0441E31}.MyGet40|Any CPU.ActiveCfg = Release|Any CPU
		{D7186FE7-57CC-4986-BF05-13FBD0441E31}.MyGet40|Any CPU.Build.0 = Release|Any CPU
		{D7186FE7-57CC-4986-BF05-13FBD0441E31}.MyGet40|Mixed Platforms.ActiveCfg = Release|Any CPU
		{D7186FE7-57CC-4986-BF05-13FBD0441E31}.MyGet40|Mixed Platforms.Build.0 = Release|Any CPU
		{D7186FE7-57CC-4986-BF05-13FBD0441E31}.MyGet40|x86.ActiveCfg = Release|Any CPU
		{D7186FE7-57CC-4986-BF05-13FBD0441E31}.Release|Any CPU.ActiveCfg = Release|Any CPU
		{D7186FE7-57CC-4986-BF05-13FBD0441E31}.Release|Any CPU.Build.0 = Release|Any CPU
		{D7186FE7-57CC-4986-BF05-13FBD0441E31}.Release|Mixed Platforms.ActiveCfg = Release|Any CPU
		{D7186FE7-57CC-4986-BF05-13FBD0441E31}.Release|Mixed Platforms.Build.0 = Release|Any CPU
		{D7186FE7-57CC-4986-BF05-13FBD0441E31}.Release|x86.ActiveCfg = Release|Any CPU
		{D7186FE7-57CC-4986-BF05-13FBD0441E31}.ReleaseNet40|Any CPU.ActiveCfg = Release|Any CPU
		{D7186FE7-57CC-4986-BF05-13FBD0441E31}.ReleaseNet40|Any CPU.Build.0 = Release|Any CPU
		{D7186FE7-57CC-4986-BF05-13FBD0441E31}.ReleaseNet40|Mixed Platforms.ActiveCfg = Release|Any CPU
		{D7186FE7-57CC-4986-BF05-13FBD0441E31}.ReleaseNet40|Mixed Platforms.Build.0 = Release|Any CPU
		{D7186FE7-57CC-4986-BF05-13FBD0441E31}.ReleaseNet40|x86.ActiveCfg = Release|Any CPU
		{F6E5D0B7-FE90-4498-A5F5-3FFA505762A0}.CodeCov|Any CPU.ActiveCfg = Release|Any CPU
		{F6E5D0B7-FE90-4498-A5F5-3FFA505762A0}.CodeCov|Any CPU.Build.0 = Release|Any CPU
		{F6E5D0B7-FE90-4498-A5F5-3FFA505762A0}.CodeCov|Mixed Platforms.ActiveCfg = Release|Any CPU
		{F6E5D0B7-FE90-4498-A5F5-3FFA505762A0}.CodeCov|Mixed Platforms.Build.0 = Release|Any CPU
		{F6E5D0B7-FE90-4498-A5F5-3FFA505762A0}.CodeCov|x86.ActiveCfg = Release|Any CPU
		{F6E5D0B7-FE90-4498-A5F5-3FFA505762A0}.Debug|Any CPU.ActiveCfg = Debug|Any CPU
		{F6E5D0B7-FE90-4498-A5F5-3FFA505762A0}.Debug|Any CPU.Build.0 = Debug|Any CPU
		{F6E5D0B7-FE90-4498-A5F5-3FFA505762A0}.Debug|Mixed Platforms.ActiveCfg = Debug|Any CPU
		{F6E5D0B7-FE90-4498-A5F5-3FFA505762A0}.Debug|Mixed Platforms.Build.0 = Debug|Any CPU
		{F6E5D0B7-FE90-4498-A5F5-3FFA505762A0}.Debug|x86.ActiveCfg = Debug|Any CPU
		{F6E5D0B7-FE90-4498-A5F5-3FFA505762A0}.DebugNet40|Any CPU.ActiveCfg = Debug|Any CPU
		{F6E5D0B7-FE90-4498-A5F5-3FFA505762A0}.DebugNet40|Any CPU.Build.0 = Debug|Any CPU
		{F6E5D0B7-FE90-4498-A5F5-3FFA505762A0}.DebugNet40|Mixed Platforms.ActiveCfg = Debug|Any CPU
		{F6E5D0B7-FE90-4498-A5F5-3FFA505762A0}.DebugNet40|Mixed Platforms.Build.0 = Debug|Any CPU
		{F6E5D0B7-FE90-4498-A5F5-3FFA505762A0}.DebugNet40|x86.ActiveCfg = Debug|Any CPU
		{F6E5D0B7-FE90-4498-A5F5-3FFA505762A0}.MyGet|Any CPU.ActiveCfg = Release|Any CPU
		{F6E5D0B7-FE90-4498-A5F5-3FFA505762A0}.MyGet|Any CPU.Build.0 = Release|Any CPU
		{F6E5D0B7-FE90-4498-A5F5-3FFA505762A0}.MyGet|Mixed Platforms.ActiveCfg = Release|Any CPU
		{F6E5D0B7-FE90-4498-A5F5-3FFA505762A0}.MyGet|Mixed Platforms.Build.0 = Release|Any CPU
		{F6E5D0B7-FE90-4498-A5F5-3FFA505762A0}.MyGet|x86.ActiveCfg = Release|Any CPU
		{F6E5D0B7-FE90-4498-A5F5-3FFA505762A0}.MyGet40|Any CPU.ActiveCfg = Release|Any CPU
		{F6E5D0B7-FE90-4498-A5F5-3FFA505762A0}.MyGet40|Any CPU.Build.0 = Release|Any CPU
		{F6E5D0B7-FE90-4498-A5F5-3FFA505762A0}.MyGet40|Mixed Platforms.ActiveCfg = Release|Any CPU
		{F6E5D0B7-FE90-4498-A5F5-3FFA505762A0}.MyGet40|Mixed Platforms.Build.0 = Release|Any CPU
		{F6E5D0B7-FE90-4498-A5F5-3FFA505762A0}.MyGet40|x86.ActiveCfg = Release|Any CPU
		{F6E5D0B7-FE90-4498-A5F5-3FFA505762A0}.Release|Any CPU.ActiveCfg = Release|Any CPU
		{F6E5D0B7-FE90-4498-A5F5-3FFA505762A0}.Release|Any CPU.Build.0 = Release|Any CPU
		{F6E5D0B7-FE90-4498-A5F5-3FFA505762A0}.Release|Mixed Platforms.ActiveCfg = Release|Any CPU
		{F6E5D0B7-FE90-4498-A5F5-3FFA505762A0}.Release|Mixed Platforms.Build.0 = Release|Any CPU
		{F6E5D0B7-FE90-4498-A5F5-3FFA505762A0}.Release|x86.ActiveCfg = Release|Any CPU
		{F6E5D0B7-FE90-4498-A5F5-3FFA505762A0}.ReleaseNet40|Any CPU.ActiveCfg = Release|Any CPU
		{F6E5D0B7-FE90-4498-A5F5-3FFA505762A0}.ReleaseNet40|Any CPU.Build.0 = Release|Any CPU
		{F6E5D0B7-FE90-4498-A5F5-3FFA505762A0}.ReleaseNet40|Mixed Platforms.ActiveCfg = Release|Any CPU
		{F6E5D0B7-FE90-4498-A5F5-3FFA505762A0}.ReleaseNet40|Mixed Platforms.Build.0 = Release|Any CPU
		{F6E5D0B7-FE90-4498-A5F5-3FFA505762A0}.ReleaseNet40|x86.ActiveCfg = Release|Any CPU
		{88EFBF58-E42A-4314-BAAF-746FC34CB5EC}.CodeCov|Any CPU.ActiveCfg = Release|Any CPU
		{88EFBF58-E42A-4314-BAAF-746FC34CB5EC}.CodeCov|Any CPU.Build.0 = Release|Any CPU
		{88EFBF58-E42A-4314-BAAF-746FC34CB5EC}.CodeCov|Mixed Platforms.ActiveCfg = Release|Any CPU
		{88EFBF58-E42A-4314-BAAF-746FC34CB5EC}.CodeCov|Mixed Platforms.Build.0 = Release|Any CPU
		{88EFBF58-E42A-4314-BAAF-746FC34CB5EC}.CodeCov|x86.ActiveCfg = Release|Any CPU
		{88EFBF58-E42A-4314-BAAF-746FC34CB5EC}.Debug|Any CPU.ActiveCfg = Debug|Any CPU
		{88EFBF58-E42A-4314-BAAF-746FC34CB5EC}.Debug|Any CPU.Build.0 = Debug|Any CPU
		{88EFBF58-E42A-4314-BAAF-746FC34CB5EC}.Debug|Mixed Platforms.ActiveCfg = Debug|Any CPU
		{88EFBF58-E42A-4314-BAAF-746FC34CB5EC}.Debug|Mixed Platforms.Build.0 = Debug|Any CPU
		{88EFBF58-E42A-4314-BAAF-746FC34CB5EC}.Debug|x86.ActiveCfg = Debug|Any CPU
		{88EFBF58-E42A-4314-BAAF-746FC34CB5EC}.DebugNet40|Any CPU.ActiveCfg = Debug|Any CPU
		{88EFBF58-E42A-4314-BAAF-746FC34CB5EC}.DebugNet40|Any CPU.Build.0 = Debug|Any CPU
		{88EFBF58-E42A-4314-BAAF-746FC34CB5EC}.DebugNet40|Mixed Platforms.ActiveCfg = Debug|Any CPU
		{88EFBF58-E42A-4314-BAAF-746FC34CB5EC}.DebugNet40|Mixed Platforms.Build.0 = Debug|Any CPU
		{88EFBF58-E42A-4314-BAAF-746FC34CB5EC}.DebugNet40|x86.ActiveCfg = Debug|Any CPU
		{88EFBF58-E42A-4314-BAAF-746FC34CB5EC}.MyGet|Any CPU.ActiveCfg = Release|Any CPU
		{88EFBF58-E42A-4314-BAAF-746FC34CB5EC}.MyGet|Any CPU.Build.0 = Release|Any CPU
		{88EFBF58-E42A-4314-BAAF-746FC34CB5EC}.MyGet|Mixed Platforms.ActiveCfg = Release|Any CPU
		{88EFBF58-E42A-4314-BAAF-746FC34CB5EC}.MyGet|Mixed Platforms.Build.0 = Release|Any CPU
		{88EFBF58-E42A-4314-BAAF-746FC34CB5EC}.MyGet|x86.ActiveCfg = Release|Any CPU
		{88EFBF58-E42A-4314-BAAF-746FC34CB5EC}.MyGet40|Any CPU.ActiveCfg = Release|Any CPU
		{88EFBF58-E42A-4314-BAAF-746FC34CB5EC}.MyGet40|Any CPU.Build.0 = Release|Any CPU
		{88EFBF58-E42A-4314-BAAF-746FC34CB5EC}.MyGet40|Mixed Platforms.ActiveCfg = Release|Any CPU
		{88EFBF58-E42A-4314-BAAF-746FC34CB5EC}.MyGet40|Mixed Platforms.Build.0 = Release|Any CPU
		{88EFBF58-E42A-4314-BAAF-746FC34CB5EC}.MyGet40|x86.ActiveCfg = Release|Any CPU
		{88EFBF58-E42A-4314-BAAF-746FC34CB5EC}.Release|Any CPU.ActiveCfg = Release|Any CPU
		{88EFBF58-E42A-4314-BAAF-746FC34CB5EC}.Release|Any CPU.Build.0 = Release|Any CPU
		{88EFBF58-E42A-4314-BAAF-746FC34CB5EC}.Release|Mixed Platforms.ActiveCfg = Release|Any CPU
		{88EFBF58-E42A-4314-BAAF-746FC34CB5EC}.Release|Mixed Platforms.Build.0 = Release|Any CPU
		{88EFBF58-E42A-4314-BAAF-746FC34CB5EC}.Release|x86.ActiveCfg = Release|Any CPU
		{88EFBF58-E42A-4314-BAAF-746FC34CB5EC}.ReleaseNet40|Any CPU.ActiveCfg = Release|Any CPU
		{88EFBF58-E42A-4314-BAAF-746FC34CB5EC}.ReleaseNet40|Any CPU.Build.0 = Release|Any CPU
		{88EFBF58-E42A-4314-BAAF-746FC34CB5EC}.ReleaseNet40|Mixed Platforms.ActiveCfg = Release|Any CPU
		{88EFBF58-E42A-4314-BAAF-746FC34CB5EC}.ReleaseNet40|Mixed Platforms.Build.0 = Release|Any CPU
		{88EFBF58-E42A-4314-BAAF-746FC34CB5EC}.ReleaseNet40|x86.ActiveCfg = Release|Any CPU
		{F67416F0-179B-4572-AB29-E87E2F82DBCD}.CodeCov|Any CPU.ActiveCfg = Release|Any CPU
		{F67416F0-179B-4572-AB29-E87E2F82DBCD}.CodeCov|Any CPU.Build.0 = Release|Any CPU
		{F67416F0-179B-4572-AB29-E87E2F82DBCD}.CodeCov|Mixed Platforms.ActiveCfg = Release|Any CPU
		{F67416F0-179B-4572-AB29-E87E2F82DBCD}.CodeCov|Mixed Platforms.Build.0 = Release|Any CPU
		{F67416F0-179B-4572-AB29-E87E2F82DBCD}.CodeCov|x86.ActiveCfg = Release|Any CPU
		{F67416F0-179B-4572-AB29-E87E2F82DBCD}.Debug|Any CPU.ActiveCfg = Debug|Any CPU
		{F67416F0-179B-4572-AB29-E87E2F82DBCD}.Debug|Any CPU.Build.0 = Debug|Any CPU
		{F67416F0-179B-4572-AB29-E87E2F82DBCD}.Debug|Mixed Platforms.ActiveCfg = Debug|Any CPU
		{F67416F0-179B-4572-AB29-E87E2F82DBCD}.Debug|Mixed Platforms.Build.0 = Debug|Any CPU
		{F67416F0-179B-4572-AB29-E87E2F82DBCD}.Debug|x86.ActiveCfg = Debug|Any CPU
		{F67416F0-179B-4572-AB29-E87E2F82DBCD}.DebugNet40|Any CPU.ActiveCfg = Debug|Any CPU
		{F67416F0-179B-4572-AB29-E87E2F82DBCD}.DebugNet40|Any CPU.Build.0 = Debug|Any CPU
		{F67416F0-179B-4572-AB29-E87E2F82DBCD}.DebugNet40|Mixed Platforms.ActiveCfg = Debug|Any CPU
		{F67416F0-179B-4572-AB29-E87E2F82DBCD}.DebugNet40|Mixed Platforms.Build.0 = Debug|Any CPU
		{F67416F0-179B-4572-AB29-E87E2F82DBCD}.DebugNet40|x86.ActiveCfg = Debug|Any CPU
		{F67416F0-179B-4572-AB29-E87E2F82DBCD}.MyGet|Any CPU.ActiveCfg = Release|Any CPU
		{F67416F0-179B-4572-AB29-E87E2F82DBCD}.MyGet|Any CPU.Build.0 = Release|Any CPU
		{F67416F0-179B-4572-AB29-E87E2F82DBCD}.MyGet|Mixed Platforms.ActiveCfg = Release|Any CPU
		{F67416F0-179B-4572-AB29-E87E2F82DBCD}.MyGet|Mixed Platforms.Build.0 = Release|Any CPU
		{F67416F0-179B-4572-AB29-E87E2F82DBCD}.MyGet|x86.ActiveCfg = Release|Any CPU
		{F67416F0-179B-4572-AB29-E87E2F82DBCD}.MyGet40|Any CPU.ActiveCfg = Release|Any CPU
		{F67416F0-179B-4572-AB29-E87E2F82DBCD}.MyGet40|Any CPU.Build.0 = Release|Any CPU
		{F67416F0-179B-4572-AB29-E87E2F82DBCD}.MyGet40|Mixed Platforms.ActiveCfg = Release|Any CPU
		{F67416F0-179B-4572-AB29-E87E2F82DBCD}.MyGet40|Mixed Platforms.Build.0 = Release|Any CPU
		{F67416F0-179B-4572-AB29-E87E2F82DBCD}.MyGet40|x86.ActiveCfg = Release|Any CPU
		{F67416F0-179B-4572-AB29-E87E2F82DBCD}.Release|Any CPU.ActiveCfg = Release|Any CPU
		{F67416F0-179B-4572-AB29-E87E2F82DBCD}.Release|Any CPU.Build.0 = Release|Any CPU
		{F67416F0-179B-4572-AB29-E87E2F82DBCD}.Release|Mixed Platforms.ActiveCfg = Release|Any CPU
		{F67416F0-179B-4572-AB29-E87E2F82DBCD}.Release|Mixed Platforms.Build.0 = Release|Any CPU
		{F67416F0-179B-4572-AB29-E87E2F82DBCD}.Release|x86.ActiveCfg = Release|Any CPU
		{F67416F0-179B-4572-AB29-E87E2F82DBCD}.ReleaseNet40|Any CPU.ActiveCfg = Release|Any CPU
		{F67416F0-179B-4572-AB29-E87E2F82DBCD}.ReleaseNet40|Any CPU.Build.0 = Release|Any CPU
		{F67416F0-179B-4572-AB29-E87E2F82DBCD}.ReleaseNet40|Mixed Platforms.ActiveCfg = Release|Any CPU
		{F67416F0-179B-4572-AB29-E87E2F82DBCD}.ReleaseNet40|Mixed Platforms.Build.0 = Release|Any CPU
		{F67416F0-179B-4572-AB29-E87E2F82DBCD}.ReleaseNet40|x86.ActiveCfg = Release|Any CPU
	EndGlobalSection
	GlobalSection(SolutionProperties) = preSolution
		HideSolutionNode = FALSE
	EndGlobalSection
	GlobalSection(NestedProjects) = preSolution
		{F6E5D0B7-FE90-4498-A5F5-3FFA505762A0} = {6A2A062D-4963-431F-B92A-0E53F27A2402}
		{88EFBF58-E42A-4314-BAAF-746FC34CB5EC} = {6A2A062D-4963-431F-B92A-0E53F27A2402}
		{F67416F0-179B-4572-AB29-E87E2F82DBCD} = {6A2A062D-4963-431F-B92A-0E53F27A2402}
	EndGlobalSection
	GlobalSection(TestCaseManagementSettings) = postSolution
		CategoryFile = m2m4ria.vsmdi
	EndGlobalSection
EndGlobal
